<?xml version="1.0" encoding="utf-8"?>
<Project ToolsVersion="4.0" xmlns="http://schemas.microsoft.com/developer/msbuild/2003">
  <ItemGroup>
    <Filter Include="Source Files">
      <UniqueIdentifier>{4FC737F1-C7A5-4376-A066-2A32D752A2FF}</UniqueIdentifier>
      <Extensions>cpp;c;cc;cxx;c++;cppm;ixx;def;odl;idl;hpj;bat;asm;asmx</Extensions>
    </Filter>
    <Filter Include="Header Files">
      <UniqueIdentifier>{93995380-89BD-4b04-88EB-625FBE52EBFB}</UniqueIdentifier>
      <Extensions>h;hh;hpp;hxx;h++;hm;inl;inc;ipp;xsd</Extensions>
    </Filter>
    <Filter Include="Source Files\Core">
      <UniqueIdentifier>{e641a65f-f567-475c-91c1-0196577fcc05}</UniqueIdentifier>
    </Filter>
    <Filter Include="Header Files\Core">
      <UniqueIdentifier>{de612acc-3cb0-4542-b899-258379d33daa}</UniqueIdentifier>
    </Filter>
    <Filter Include="Source Files\GraphicAPI">
      <UniqueIdentifier>{9bb90d29-4b2a-48bb-badc-eb305c560fbc}</UniqueIdentifier>
    </Filter>
    <Filter Include="Header Files\GraphicAPI">
      <UniqueIdentifier>{4df4cd8d-672a-4fa4-95c2-969adedccea4}</UniqueIdentifier>
    </Filter>
    <Filter Include="Includes">
      <UniqueIdentifier>{d3e9b8f2-f6c9-4cb2-bff2-5e644d0280f9}</UniqueIdentifier>
    </Filter>
    <Filter Include="Includes\DirectX12">
      <UniqueIdentifier>{d05eea66-b91a-4d79-8d24-00eecd70e725}</UniqueIdentifier>
    </Filter>
    <Filter Include="Header Files\UI">
      <UniqueIdentifier>{27b7ee01-5b61-406e-a9eb-cf93eb6520f2}</UniqueIdentifier>
    </Filter>
    <Filter Include="Source Files\UI">
      <UniqueIdentifier>{c97c8472-6fc8-4fc0-9ece-9ecf84ff3a41}</UniqueIdentifier>
    </Filter>
    <Filter Include="Includes\ImGui">
      <UniqueIdentifier>{8663dec4-1d40-48dc-999e-6dda74b90791}</UniqueIdentifier>
    </Filter>
    <Filter Include="Includes\ImGui\backend">
      <UniqueIdentifier>{b50c1883-40cf-42ff-a3a0-a4fd395a800b}</UniqueIdentifier>
    </Filter>
    <Filter Include="Header Files\Utility">
      <UniqueIdentifier>{c16ddb8d-75cf-43f5-b27e-51a063da3444}</UniqueIdentifier>
    </Filter>
    <Filter Include="Source Files\Utility">
      <UniqueIdentifier>{44bff985-809c-4b6f-9a77-fa2d5ee7687d}</UniqueIdentifier>
    </Filter>
    <Filter Include="Source Files\Shader">
      <UniqueIdentifier>{e42d9e9a-8853-4030-99a2-563ce64bf684}</UniqueIdentifier>
    </Filter>
    <Filter Include="Source Files\PathTracer">
      <UniqueIdentifier>{f46ecc97-2fc4-405a-910a-1d3c01d9802d}</UniqueIdentifier>
    </Filter>
    <Filter Include="Header Files\PathTracer">
      <UniqueIdentifier>{dbe4241c-d38e-42a9-a28b-b04b9c5a3d22}</UniqueIdentifier>
    </Filter>
    <Filter Include="Header Files\PathTracer\Camera">
      <UniqueIdentifier>{057931f7-845e-493f-916d-b320554648d3}</UniqueIdentifier>
    </Filter>
    <Filter Include="Source Files\PathTracer\Camera">
      <UniqueIdentifier>{7c4eee9c-a40d-402c-9590-34a01ffcaaf5}</UniqueIdentifier>
    </Filter>
    <Filter Include="Header Files\PathTracer\GeometryMath">
      <UniqueIdentifier>{3b2bf9a8-061d-456c-b911-812c343a6895}</UniqueIdentifier>
    </Filter>
    <Filter Include="Source Files\PathTracer\GeometryMath">
      <UniqueIdentifier>{f82da552-26bb-4f08-acae-a0b1fe08fead}</UniqueIdentifier>
    </Filter>
    <Filter Include="Header Files\PathTracer\Media">
      <UniqueIdentifier>{2133b59c-4821-4b04-96ca-cb5190f2773e}</UniqueIdentifier>
    </Filter>
    <Filter Include="Source Files\PathTracer\Media">
      <UniqueIdentifier>{d366e224-da79-4ad0-8759-1b90ea98575a}</UniqueIdentifier>
    </Filter>
    <Filter Include="Header Files\PathTracer\Scene">
      <UniqueIdentifier>{90802d4a-ab37-472a-ae10-bb4fa2d7bfe3}</UniqueIdentifier>
    </Filter>
    <Filter Include="Source Files\PathTracer\Scene">
      <UniqueIdentifier>{568b0d85-15f2-4113-8b31-d4c665601e00}</UniqueIdentifier>
    </Filter>
    <Filter Include="Header Files\PathTracer\Shape">
      <UniqueIdentifier>{0556e762-68d8-49ea-a563-6619858006d4}</UniqueIdentifier>
    </Filter>
    <Filter Include="Source Files\PathTracer\Shape">
      <UniqueIdentifier>{47725e97-48b5-433b-94bd-b0f7684d29c6}</UniqueIdentifier>
    </Filter>
    <Filter Include="Header Files\PathTracer\Acceleration">
      <UniqueIdentifier>{d10e4120-3e96-4d93-bb81-9fa8f0bebd38}</UniqueIdentifier>
    </Filter>
    <Filter Include="Source Files\PathTracer\Acceleration">
      <UniqueIdentifier>{dc04c057-a488-4379-8d3e-8f23f9e62917}</UniqueIdentifier>
    </Filter>
    <Filter Include="Header Files\PathTracer\Core">
      <UniqueIdentifier>{0f42625e-3c16-46d8-849f-dcfe8d86a5df}</UniqueIdentifier>
    </Filter>
    <Filter Include="Source Files\PathTracer\Core">
      <UniqueIdentifier>{e19be5f2-2e22-44d8-80cd-e48841fd1b72}</UniqueIdentifier>
    </Filter>
    <Filter Include="Includes\tinyfiledialogs">
      <UniqueIdentifier>{f4f18d25-287a-4c6d-82cb-db75f21e3649}</UniqueIdentifier>
    </Filter>
    <Filter Include="Source Files\PathTracer\Ray">
      <UniqueIdentifier>{1ab4b394-daf2-4bc6-826f-0a012f1e24c8}</UniqueIdentifier>
    </Filter>
    <Filter Include="Header Files\PathTracer\Ray">
      <UniqueIdentifier>{9c763946-1dc7-41d2-bd2f-b4b5191abc7a}</UniqueIdentifier>
    </Filter>
    <Filter Include="Source Files\PathTracer\Interaction">
      <UniqueIdentifier>{2e3fe3bf-14c9-4a1d-a256-1ad1b9c33c81}</UniqueIdentifier>
    </Filter>
    <Filter Include="Header Files\PathTracer\Interaction">
      <UniqueIdentifier>{40adedc5-ba67-4cfd-b000-6af42568a3e5}</UniqueIdentifier>
    </Filter>
    <Filter Include="Header Files\PathTracer\Integrator">
      <UniqueIdentifier>{0f103c34-608a-4c88-93f5-e03d6f3abec2}</UniqueIdentifier>
    </Filter>
    <Filter Include="Source Files\PathTracer\Integrator">
      <UniqueIdentifier>{2f37df6a-d4b1-4d60-a7a7-13865f516897}</UniqueIdentifier>
    </Filter>
    <Filter Include="Header Files\PathTracer\Sampler">
      <UniqueIdentifier>{18ebac20-35d9-4f55-b7be-9f4492d6e263}</UniqueIdentifier>
    </Filter>
    <Filter Include="Source Files\PathTracer\Sampler">
      <UniqueIdentifier>{e933405d-a8fc-41a8-9af8-1207b812b508}</UniqueIdentifier>
    </Filter>
  </ItemGroup>
  <ItemGroup>
    <ClCompile Include="src\Main.cpp">
      <Filter>Source Files</Filter>
    </ClCompile>
    <ClCompile Include="src\Core\Application.cpp">
      <Filter>Source Files\Core</Filter>
    </ClCompile>
    <ClCompile Include="src\GraphicAPI\CommandQueue.cpp">
      <Filter>Source Files\GraphicAPI</Filter>
    </ClCompile>
    <ClCompile Include="src\GraphicAPI\Adapter.cpp">
      <Filter>Source Files\GraphicAPI</Filter>
    </ClCompile>
    <ClCompile Include="src\GraphicAPI\Device.cpp">
      <Filter>Source Files\GraphicAPI</Filter>
    </ClCompile>
    <ClCompile Include="src\GraphicAPI\Fence.cpp">
      <Filter>Source Files\GraphicAPI</Filter>
    </ClCompile>
    <ClCompile Include="src\GraphicAPI\SwapChain.cpp">
      <Filter>Source Files\GraphicAPI</Filter>
    </ClCompile>
    <ClCompile Include="src\GraphicAPI\GraphicAPIUtility.cpp">
      <Filter>Source Files\GraphicAPI</Filter>
    </ClCompile>
    <ClCompile Include="src\GraphicAPI\CommandAllocator.cpp">
      <Filter>Source Files\GraphicAPI</Filter>
    </ClCompile>
    <ClCompile Include="src\GraphicAPI\CommandList.cpp">
      <Filter>Source Files\GraphicAPI</Filter>
    </ClCompile>
    <ClCompile Include="src\GraphicAPI\DescriptorHeap.cpp">
      <Filter>Source Files\GraphicAPI</Filter>
    </ClCompile>
    <ClCompile Include="src\GraphicAPI\ResourceBarrier.cpp">
      <Filter>Source Files\GraphicAPI</Filter>
    </ClCompile>
    <ClCompile Include="src\GraphicAPI\Resource.cpp">
      <Filter>Source Files\GraphicAPI</Filter>
    </ClCompile>
    <ClCompile Include="src\Core\UIRenderer.cpp">
      <Filter>Source Files\Core</Filter>
    </ClCompile>
    <ClCompile Include="include\ImGui\imgui.cpp">
      <Filter>Includes\ImGui</Filter>
    </ClCompile>
    <ClCompile Include="include\ImGui\imgui_draw.cpp">
      <Filter>Includes\ImGui</Filter>
    </ClCompile>
    <ClCompile Include="include\ImGui\imgui_tables.cpp">
      <Filter>Includes\ImGui</Filter>
    </ClCompile>
    <ClCompile Include="include\ImGui\imgui_widgets.cpp">
      <Filter>Includes\ImGui</Filter>
    </ClCompile>
    <ClCompile Include="include\ImGui\backends\imgui_impl_dx12.cpp">
      <Filter>Includes\ImGui\backend</Filter>
    </ClCompile>
    <ClCompile Include="include\ImGui\backends\imgui_impl_win32.cpp">
      <Filter>Includes\ImGui\backend</Filter>
    </ClCompile>
    <ClCompile Include="src\Core\RenderEngine.cpp">
      <Filter>Source Files\Core</Filter>
    </ClCompile>
    <ClCompile Include="src\Utility\OutputDebug.cpp">
      <Filter>Source Files\Utility</Filter>
    </ClCompile>
    <ClCompile Include="src\GraphicAPI\RootSignature.cpp">
      <Filter>Source Files\GraphicAPI</Filter>
    </ClCompile>
    <ClCompile Include="src\GraphicAPI\PipelineState.cpp">
      <Filter>Source Files\GraphicAPI</Filter>
    </ClCompile>
    <ClCompile Include="src\GraphicAPI\ResourceState.cpp">
      <Filter>Source Files\GraphicAPI</Filter>
    </ClCompile>
    <ClCompile Include="src\GraphicAPI\ResourceInfo.cpp">
      <Filter>Source Files\GraphicAPI</Filter>
    </ClCompile>
    <ClCompile Include="src\GraphicAPI\Shader.cpp">
      <Filter>Source Files\GraphicAPI</Filter>
    </ClCompile>
    <ClCompile Include="src\PathTracer\GeometryMath\MathHelper.cpp">
      <Filter>Source Files\PathTracer\GeometryMath</Filter>
    </ClCompile>
    <ClCompile Include="src\PathTracer\GeometryMath\Matrix.cpp">
      <Filter>Source Files\PathTracer\GeometryMath</Filter>
    </ClCompile>
    <ClCompile Include="src\PathTracer\Camera\Camera.cpp">
      <Filter>Source Files\PathTracer\Camera</Filter>
    </ClCompile>
    <ClCompile Include="src\PathTracer\Camera\Film.cpp">
      <Filter>Source Files\PathTracer\Camera</Filter>
    </ClCompile>
    <ClCompile Include="src\PathTracer\Media\Medium.cpp">
      <Filter>Source Files\PathTracer\Media</Filter>
    </ClCompile>
    <ClCompile Include="src\PathTracer\Camera\ProjectiveCamera.cpp">
      <Filter>Source Files\PathTracer\Camera</Filter>
    </ClCompile>
    <ClCompile Include="src\PathTracer\Camera\PerspectiveCamera.cpp">
      <Filter>Source Files\PathTracer\Camera</Filter>
    </ClCompile>
    <ClCompile Include="src\PathTracer\GeometryMath\Transform.cpp">
      <Filter>Source Files\PathTracer\GeometryMath</Filter>
    </ClCompile>
    <ClCompile Include="src\PathTracer\Shape\Shape.cpp">
      <Filter>Source Files\PathTracer\Shape</Filter>
    </ClCompile>
    <ClCompile Include="src\PathTracer\Shape\TriangleMesh.cpp">
      <Filter>Source Files\PathTracer\Shape</Filter>
    </ClCompile>
    <ClCompile Include="src\PathTracer\Shape\Triangle.cpp">
      <Filter>Source Files\PathTracer\Shape</Filter>
    </ClCompile>
    <ClCompile Include="src\PathTracer\Core\PathTracer.cpp">
      <Filter>Source Files\PathTracer\Core</Filter>
    </ClCompile>
    <ClCompile Include="src\PathTracer\Core\PreviewRenderer.cpp">
      <Filter>Source Files\PathTracer\Core</Filter>
    </ClCompile>
    <ClCompile Include="src\PathTracer\Core\SceneLoader.cpp">
      <Filter>Source Files\PathTracer\Core</Filter>
    </ClCompile>
    <ClCompile Include="src\PathTracer\Scene\Scene.cpp">
      <Filter>Source Files\PathTracer\Scene</Filter>
    </ClCompile>
    <ClCompile Include="src\PathTracer\Acceleration\Primitive.cpp">
      <Filter>Source Files\PathTracer\Acceleration</Filter>
    </ClCompile>
    <ClCompile Include="src\PathTracer\Acceleration\GeometricPrimitive.cpp">
      <Filter>Source Files\PathTracer\Acceleration</Filter>
    </ClCompile>
    <ClCompile Include="src\UI\UIFileMenu.cpp">
      <Filter>Source Files\UI</Filter>
    </ClCompile>
    <ClCompile Include="src\UI\UIHandleInput.cpp">
      <Filter>Source Files\UI</Filter>
    </ClCompile>
    <ClCompile Include="src\GraphicAPI\RootParameter.cpp">
      <Filter>Source Files\GraphicAPI</Filter>
    </ClCompile>
    <ClCompile Include="src\PathTracer\Acceleration\SceneAggregate.cpp">
      <Filter>Source Files\PathTracer\Acceleration</Filter>
    </ClCompile>
    <ClCompile Include="src\PathTracer\Acceleration\Model.cpp">
      <Filter>Source Files\PathTracer\Acceleration</Filter>
    </ClCompile>
    <ClCompile Include="src\PathTracer\Acceleration\Mesh.cpp">
      <Filter>Source Files\PathTracer\Acceleration</Filter>
    </ClCompile>
    <ClCompile Include="include\tinyfiledialogs\tinyfiledialogs.cpp">
      <Filter>Includes\tinyfiledialogs</Filter>
    </ClCompile>
    <ClCompile Include="src\GraphicAPI\VertexBufferView.cpp">
      <Filter>Source Files\GraphicAPI</Filter>
    </ClCompile>
    <ClCompile Include="src\GraphicAPI\IndexBufferView.cpp">
      <Filter>Source Files\GraphicAPI</Filter>
    </ClCompile>
    <ClCompile Include="src\PathTracer\Ray\Ray.cpp">
      <Filter>Source Files\PathTracer\Ray</Filter>
    </ClCompile>
    <ClCompile Include="src\PathTracer\Ray\RayDifferential.cpp">
      <Filter>Source Files\PathTracer\Ray</Filter>
    </ClCompile>
    <ClCompile Include="src\PathTracer\Interaction\Interaction.cpp">
      <Filter>Source Files\PathTracer\Interaction</Filter>
    </ClCompile>
    <ClCompile Include="src\PathTracer\Interaction\SurfaceInteraction.cpp">
      <Filter>Source Files\PathTracer\Interaction</Filter>
    </ClCompile>
    <ClCompile Include="src\PathTracer\Integrator\Integrator.cpp">
      <Filter>Source Files\PathTracer\Integrator</Filter>
    </ClCompile>
    <ClCompile Include="src\PathTracer\Integrator\SamplerIntegrator.cpp">
      <Filter>Source Files\PathTracer\Integrator</Filter>
    </ClCompile>
    <ClCompile Include="src\PathTracer\Sampler\Sampler.cpp">
      <Filter>Source Files\PathTracer\Sampler</Filter>
    </ClCompile>
  </ItemGroup>
  <ItemGroup>
    <ClInclude Include="src\Core\Application.hpp">
      <Filter>Header Files\Core</Filter>
    </ClInclude>
    <ClInclude Include="src\GraphicAPI\CommandQueue.hpp">
      <Filter>Header Files\GraphicAPI</Filter>
    </ClInclude>
    <ClInclude Include="src\GraphicAPI\GraphicAPIUtility.hpp">
      <Filter>Header Files\GraphicAPI</Filter>
    </ClInclude>
    <ClInclude Include="src\GraphicAPI\Adapter.hpp">
      <Filter>Header Files\GraphicAPI</Filter>
    </ClInclude>
    <ClInclude Include="src\GraphicAPI\Device.hpp">
      <Filter>Header Files\GraphicAPI</Filter>
    </ClInclude>
    <ClInclude Include="include\DirectX12\d3dx12.h">
      <Filter>Includes\DirectX12</Filter>
    </ClInclude>
    <ClInclude Include="include\DirectX12\d3d12.h">
      <Filter>Includes\DirectX12</Filter>
    </ClInclude>
    <ClInclude Include="include\DirectX12\d3dcommon.h">
      <Filter>Includes\DirectX12</Filter>
    </ClInclude>
    <ClInclude Include="src\GraphicAPI\Fence.hpp">
      <Filter>Header Files\GraphicAPI</Filter>
    </ClInclude>
    <ClInclude Include="src\GraphicAPI\SwapChain.hpp">
      <Filter>Header Files\GraphicAPI</Filter>
    </ClInclude>
    <ClInclude Include="src\GraphicAPI\CommandAllocator.hpp">
      <Filter>Header Files\GraphicAPI</Filter>
    </ClInclude>
    <ClInclude Include="src\GraphicAPI\CommandList.hpp">
      <Filter>Header Files\GraphicAPI</Filter>
    </ClInclude>
    <ClInclude Include="src\GraphicAPI\DescriptorHeap.hpp">
      <Filter>Header Files\GraphicAPI</Filter>
    </ClInclude>
    <ClInclude Include="src\GraphicAPI\ResourceBarrier.hpp">
      <Filter>Header Files\GraphicAPI</Filter>
    </ClInclude>
    <ClInclude Include="src\GraphicAPI\Resource.hpp">
      <Filter>Header Files\GraphicAPI</Filter>
    </ClInclude>
    <ClInclude Include="src\Core\UIRenderer.hpp">
      <Filter>Header Files\Core</Filter>
    </ClInclude>
    <ClInclude Include="include\ImGui\imgui.h">
      <Filter>Includes\ImGui</Filter>
    </ClInclude>
    <ClInclude Include="include\ImGui\imgui_internal.h">
      <Filter>Includes\ImGui</Filter>
    </ClInclude>
    <ClInclude Include="include\ImGui\backends\imgui_impl_dx12.h">
      <Filter>Includes\ImGui\backend</Filter>
    </ClInclude>
    <ClInclude Include="include\ImGui\backends\imgui_impl_win32.h">
      <Filter>Includes\ImGui\backend</Filter>
    </ClInclude>
    <ClInclude Include="src\Core\RenderEngine.hpp">
      <Filter>Header Files\Core</Filter>
    </ClInclude>
    <ClInclude Include="src\Utility\OutputDebug.hpp">
      <Filter>Header Files\Utility</Filter>
    </ClInclude>
    <ClInclude Include="include\DirectX12\dxgidebug.h">
      <Filter>Includes\DirectX12</Filter>
    </ClInclude>
    <ClInclude Include="src\GraphicAPI\RootSignature.hpp">
      <Filter>Header Files\GraphicAPI</Filter>
    </ClInclude>
    <ClInclude Include="src\GraphicAPI\ResourceState.hpp">
      <Filter>Header Files\GraphicAPI</Filter>
    </ClInclude>
    <ClInclude Include="src\GraphicAPI\HeapType.hpp">
      <Filter>Header Files\GraphicAPI</Filter>
    </ClInclude>
    <ClInclude Include="src\GraphicAPI\ResourceInfo.hpp">
      <Filter>Header Files\GraphicAPI</Filter>
    </ClInclude>
    <ClInclude Include="src\GraphicAPI\ResourceFlag.hpp">
      <Filter>Header Files\GraphicAPI</Filter>
    </ClInclude>
    <ClInclude Include="src\GraphicAPI\ResourceFormat.hpp">
      <Filter>Header Files\GraphicAPI</Filter>
    </ClInclude>
    <ClInclude Include="src\GraphicAPI\PipelineState.hpp">
      <Filter>Header Files\GraphicAPI</Filter>
    </ClInclude>
    <ClInclude Include="src\GraphicAPI\Shader.hpp">
      <Filter>Header Files\GraphicAPI</Filter>
    </ClInclude>
    <ClInclude Include="src\PathTracer\GeometryMath\MathHelper.hpp">
      <Filter>Header Files\PathTracer\GeometryMath</Filter>
    </ClInclude>
    <ClInclude Include="src\PathTracer\GeometryMath\Matrix.hpp">
      <Filter>Header Files\PathTracer\GeometryMath</Filter>
    </ClInclude>
    <ClInclude Include="src\PathTracer\GeometryMath\Transform.hpp">
      <Filter>Header Files\PathTracer\GeometryMath</Filter>
    </ClInclude>
    <ClInclude Include="src\PathTracer\GeometryMath\Vector.hpp">
      <Filter>Header Files\PathTracer\GeometryMath</Filter>
    </ClInclude>
    <ClInclude Include="src\PathTracer\Camera\Camera.hpp">
      <Filter>Header Files\PathTracer\Camera</Filter>
    </ClInclude>
    <ClInclude Include="src\PathTracer\Camera\Film.hpp">
      <Filter>Header Files\PathTracer\Camera</Filter>
    </ClInclude>
    <ClInclude Include="src\PathTracer\Media\Medium.hpp">
      <Filter>Header Files\PathTracer\Media</Filter>
    </ClInclude>
    <ClInclude Include="src\PathTracer\Camera\ProjectiveCamera.hpp">
      <Filter>Header Files\PathTracer\Camera</Filter>
    </ClInclude>
    <ClInclude Include="src\PathTracer\Camera\PerspectiveCamera.hpp">
      <Filter>Header Files\PathTracer\Camera</Filter>
    </ClInclude>
    <ClInclude Include="src\PathTracer\GeometryMath\Bounds.hpp">
      <Filter>Header Files\PathTracer\GeometryMath</Filter>
    </ClInclude>
    <ClInclude Include="src\PathTracer\Camera\CameraType.hpp">
      <Filter>Header Files\PathTracer\Camera</Filter>
    </ClInclude>
    <ClInclude Include="src\PathTracer\Shape\Shape.hpp">
      <Filter>Header Files\PathTracer\Shape</Filter>
    </ClInclude>
    <ClInclude Include="src\PathTracer\Shape\TriangleMesh.hpp">
      <Filter>Header Files\PathTracer\Shape</Filter>
    </ClInclude>
    <ClInclude Include="src\PathTracer\Shape\Triangle.hpp">
      <Filter>Header Files\PathTracer\Shape</Filter>
    </ClInclude>
    <ClInclude Include="src\PathTracer\Core\PathTracer.hpp">
      <Filter>Header Files\PathTracer\Core</Filter>
    </ClInclude>
    <ClInclude Include="src\PathTracer\Core\PreviewRenderer.hpp">
      <Filter>Header Files\PathTracer\Core</Filter>
    </ClInclude>
    <ClInclude Include="src\PathTracer\Core\SceneLoader.hpp">
      <Filter>Header Files\PathTracer\Core</Filter>
    </ClInclude>
    <ClInclude Include="src\PathTracer\Scene\Scene.hpp">
      <Filter>Header Files\PathTracer\Scene</Filter>
    </ClInclude>
    <ClInclude Include="src\PathTracer\Acceleration\Primitive.hpp">
      <Filter>Header Files\PathTracer\Acceleration</Filter>
    </ClInclude>
    <ClInclude Include="src\PathTracer\Acceleration\GeometricPrimitive.hpp">
      <Filter>Header Files\PathTracer\Acceleration</Filter>
    </ClInclude>
    <ClInclude Include="src\UI\UIFileMenu.hpp">
      <Filter>Header Files\UI</Filter>
    </ClInclude>
    <ClInclude Include="src\UI\UIHandleInput.hpp">
      <Filter>Header Files\UI</Filter>
    </ClInclude>
    <ClInclude Include="src\GraphicAPI\ShaderVisibilityFlag.hpp">
      <Filter>Header Files\GraphicAPI</Filter>
    </ClInclude>
    <ClInclude Include="src\GraphicAPI\RootParameter.hpp">
      <Filter>Header Files\GraphicAPI</Filter>
    </ClInclude>
    <ClInclude Include="src\GraphicAPI\RootSignatureFlag.hpp">
      <Filter>Header Files\GraphicAPI</Filter>
    </ClInclude>
    <ClInclude Include="src\GraphicAPI\TopologyType.hpp">
      <Filter>Header Files\GraphicAPI</Filter>
    </ClInclude>
    <ClInclude Include="src\PathTracer\Acceleration\SceneAggregate.hpp">
      <Filter>Header Files\PathTracer\Acceleration</Filter>
    </ClInclude>
    <ClInclude Include="src\PathTracer\Acceleration\Model.hpp">
      <Filter>Header Files\PathTracer\Acceleration</Filter>
    </ClInclude>
    <ClInclude Include="src\PathTracer\Acceleration\Mesh.hpp">
      <Filter>Header Files\PathTracer\Acceleration</Filter>
    </ClInclude>
    <ClInclude Include="include\tinyfiledialogs\tinyfiledialogs.h">
      <Filter>Includes\tinyfiledialogs</Filter>
    </ClInclude>
    <ClInclude Include="src\GraphicAPI\VertexBufferView.hpp">
      <Filter>Header Files\GraphicAPI</Filter>
    </ClInclude>
    <ClInclude Include="src\GraphicAPI\IndexBufferView.hpp">
      <Filter>Header Files\GraphicAPI</Filter>
    </ClInclude>
    <ClInclude Include="src\GraphicAPI\InputElement.hpp">
      <Filter>Header Files\GraphicAPI</Filter>
    </ClInclude>
    <ClInclude Include="src\PathTracer\Ray\Ray.hpp">
      <Filter>Header Files\PathTracer\Ray</Filter>
    </ClInclude>
    <ClInclude Include="src\PathTracer\Ray\RayDifferential.hpp">
      <Filter>Header Files\PathTracer\Ray</Filter>
    </ClInclude>
    <ClInclude Include="src\PathTracer\Interaction\Interaction.hpp">
      <Filter>Header Files\PathTracer\Interaction</Filter>
    </ClInclude>
    <ClInclude Include="src\PathTracer\Interaction\SurfaceInteraction.hpp">
      <Filter>Header Files\PathTracer\Interaction</Filter>
    </ClInclude>
    <ClInclude Include="src\PathTracer\Integrator\Integrator.hpp">
      <Filter>Header Files\PathTracer\Integrator</Filter>
    </ClInclude>
    <ClInclude Include="src\PathTracer\Integrator\SamplerIntegrator.hpp">
      <Filter>Header Files\PathTracer\Integrator</Filter>
    </ClInclude>
    <ClInclude Include="src\PathTracer\Sampler\Sampler.hpp">
      <Filter>Header Files\PathTracer\Sampler</Filter>
    </ClInclude>
  </ItemGroup>
  <ItemGroup>
    <FxCompile Include="src\Shader\VertexShader.hlsl">
      <Filter>Source Files\Shader</Filter>
    </FxCompile>
    <FxCompile Include="src\Shader\PixelShader.hlsl">
      <Filter>Source Files\Shader</Filter>
    </FxCompile>
  </ItemGroup>
</Project>